// !$*UTF8*$!
{
	archiveVersion = 1;
	classes = {
	};
	objectVersion = 77;
	objects = {

/* Begin PBXContainerItemProxy section */
		1AF849C32CDA46CD00869359 /* PBXContainerItemProxy */ = {
			isa = PBXContainerItemProxy;
			containerPortal = 1AF849A42CDA46CB00869359 /* Project object */;
			proxyType = 1;
			remoteGlobalIDString = 1AF849AB2CDA46CB00869359;
			remoteInfo = 99GroupTask;
		};
		1AF849CD2CDA46CD00869359 /* PBXContainerItemProxy */ = {
			isa = PBXContainerItemProxy;
			containerPortal = 1AF849A42CDA46CB00869359 /* Project object */;
			proxyType = 1;
			remoteGlobalIDString = 1AF849AB2CDA46CB00869359;
			remoteInfo = 99GroupTask;
		};
/* End PBXContainerItemProxy section */

/* Begin PBXFileReference section */
		1AF849AC2CDA46CC00869359 /* 99GroupTask.app */ = {isa = PBXFileReference; explicitFileType = wrapper.application; includeInIndex = 0; path = 99GroupTask.app; sourceTree = BUILT_PRODUCTS_DIR; };
		1AF849C22CDA46CD00869359 /* 99GroupTaskTests.xctest */ = {isa = PBXFileReference; explicitFileType = wrapper.cfbundle; includeInIndex = 0; path = 99GroupTaskTests.xctest; sourceTree = BUILT_PRODUCTS_DIR; };
		1AF849CC2CDA46CD00869359 /* 99GroupTaskUITests.xctest */ = {isa = PBXFileReference; explicitFileType = wrapper.cfbundle; includeInIndex = 0; path = 99GroupTaskUITests.xctest; sourceTree = BUILT_PRODUCTS_DIR; };
/* End PBXFileReference section */

/* Begin PBXFileSystemSynchronizedBuildFileExceptionSet section */
		1AF849D42CDA46CD00869359 /* Exceptions for "99GroupTask" folder in "99GroupTask" target */ = {
			isa = PBXFileSystemSynchronizedBuildFileExceptionSet;
			membershipExceptions = (
				Info.plist,
			);
			target = 1AF849AB2CDA46CB00869359 /* 99GroupTask */;
		};
/* End PBXFileSystemSynchronizedBuildFileExceptionSet section */

/* Begin PBXFileSystemSynchronizedRootGroup section */
		1AF849AE2CDA46CC00869359 /* 99GroupTask */ = {
			isa = PBXFileSystemSynchronizedRootGroup;
			exceptions = (
				1AF849D42CDA46CD00869359 /* Exceptions for "99GroupTask" folder in "99GroupTask" target */,
			);
			path = 99GroupTask;
			sourceTree = "<group>";
		};
		1AF849C52CDA46CD00869359 /* 99GroupTaskTests */ = {
			isa = PBXFileSystemSynchronizedRootGroup;
			path = 99GroupTaskTests;
			sourceTree = "<group>";
		};
		1AF849CF2CDA46CD00869359 /* 99GroupTaskUITests */ = {
			isa = PBXFileSystemSynchronizedRootGroup;
			path = 99GroupTaskUITests;
			sourceTree = "<group>";
		};
/* End PBXFileSystemSynchronizedRootGroup section */

/* Begin PBXFrameworksBuildPhase section */
		1AF849A92CDA46CB00869359 /* Frameworks */ = {
			isa = PBXFrameworksBuildPhase;
			buildActionMask = 2147483647;
			files = (
			);
			runOnlyForDeploymentPostprocessing = 0;
		};
		1AF849BF2CDA46CD00869359 /* Frameworks */ = {
			isa = PBXFrameworksBuildPhase;
			buildActionMask = 2147483647;
			files = (
			);
			runOnlyForDeploymentPostprocessing = 0;
		};
		1AF849C92CDA46CD00869359 /* Frameworks */ = {
			isa = PBXFrameworksBuildPhase;
			buildActionMask = 2147483647;
			files = (
			);
			runOnlyForDeploymentPostprocessing = 0;
		};
/* End PBXFrameworksBuildPhase section */

/* Begin PBXGroup section */
		1AF849A32CDA46CB00869359 = {
			isa = PBXGroup;
			children = (
				1AF849AE2CDA46CC00869359 /* 99GroupTask */,
				1AF849C52CDA46CD00869359 /* 99GroupTaskTests */,
				1AF849CF2CDA46CD00869359 /* 99GroupTaskUITests */,
				1AF849AD2CDA46CC00869359 /* Products */,
			);
			sourceTree = "<group>";
		};
		1AF849AD2CDA46CC00869359 /* Products */ = {
			isa = PBXGroup;
			children = (
				1AF849AC2CDA46CC00869359 /* 99GroupTask.app */,
				1AF849C22CDA46CD00869359 /* 99GroupTaskTests.xctest */,
				1AF849CC2CDA46CD00869359 /* 99GroupTaskUITests.xctest */,
			);
			name = Products;
			sourceTree = "<group>";
		};
/* End PBXGroup section */

/* Begin PBXNativeTarget section */
		1AF849AB2CDA46CB00869359 /* 99GroupTask */ = {
			isa = PBXNativeTarget;
			buildConfigurationList = 1AF849D52CDA46CD00869359 /* Build configuration list for PBXNativeTarget "99GroupTask" */;
			buildPhases = (
				1AF849A82CDA46CB00869359 /* Sources */,
				1AF849A92CDA46CB00869359 /* Frameworks */,
				1AF849AA2CDA46CB00869359 /* Resources */,
			);
			buildRules = (
			);
			dependencies = (
			);
			fileSystemSynchronizedGroups = (
				1AF849AE2CDA46CC00869359 /* 99GroupTask */,
			);
			name = 99GroupTask;
			packageProductDependencies = (
			);
			productName = 99GroupTask;
			productReference = 1AF849AC2CDA46CC00869359 /* 99GroupTask.app */;
			productType = "com.apple.product-type.application";
		};
		1AF849C12CDA46CD00869359 /* 99GroupTaskTests */ = {
			isa = PBXNativeTarget;
			buildConfigurationList = 1AF849DA2CDA46CD00869359 /* Build configuration list for PBXNativeTarget "99GroupTaskTests" */;
			buildPhases = (
				1AF849BE2CDA46CD00869359 /* Sources */,
				1AF849BF2CDA46CD00869359 /* Frameworks */,
				1AF849C02CDA46CD00869359 /* Resources */,
			);
			buildRules = (
			);
			dependencies = (
				1AF849C42CDA46CD00869359 /* PBXTargetDependency */,
			);
			fileSystemSynchronizedGroups = (
				1AF849C52CDA46CD00869359 /* 99GroupTaskTests */,
			);
			name = 99GroupTaskTests;
			packageProductDependencies = (
			);
			productName = 99GroupTaskTests;
			productReference = 1AF849C22CDA46CD00869359 /* 99GroupTaskTests.xctest */;
			productType = "com.apple.product-type.bundle.unit-test";
		};
		1AF849CB2CDA46CD00869359 /* 99GroupTaskUITests */ = {
			isa = PBXNativeTarget;
			buildConfigurationList = 1AF849DD2CDA46CD00869359 /* Build configuration list for PBXNativeTarget "99GroupTaskUITests" */;
			buildPhases = (
				1AF849C82CDA46CD00869359 /* Sources */,
				1AF849C92CDA46CD00869359 /* Frameworks */,
				1AF849CA2CDA46CD00869359 /* Resources */,
			);
			buildRules = (
			);
			dependencies = (
				1AF849CE2CDA46CD00869359 /* PBXTargetDependency */,
			);
			fileSystemSynchronizedGroups = (
				1AF849CF2CDA46CD00869359 /* 99GroupTaskUITests */,
			);
			name = 99GroupTaskUITests;
			packageProductDependencies = (
			);
			productName = 99GroupTaskUITests;
			productReference = 1AF849CC2CDA46CD00869359 /* 99GroupTaskUITests.xctest */;
			productType = "com.apple.product-type.bundle.ui-testing";
		};
/* End PBXNativeTarget section */

/* Begin PBXProject section */
		1AF849A42CDA46CB00869359 /* Project object */ = {
			isa = PBXProject;
			attributes = {
				BuildIndependentTargetsInParallel = 1;
				LastSwiftUpdateCheck = 1610;
				LastUpgradeCheck = 1610;
				TargetAttributes = {
					1AF849AB2CDA46CB00869359 = {
						CreatedOnToolsVersion = 16.1;
					};
					1AF849C12CDA46CD00869359 = {
						CreatedOnToolsVersion = 16.1;
						TestTargetID = 1AF849AB2CDA46CB00869359;
					};
					1AF849CB2CDA46CD00869359 = {
						CreatedOnToolsVersion = 16.1;
						TestTargetID = 1AF849AB2CDA46CB00869359;
					};
				};
			};
			buildConfigurationList = 1AF849A72CDA46CB00869359 /* Build configuration list for PBXProject "99GroupTask" */;
			developmentRegion = en;
			hasScannedForEncodings = 0;
			knownRegions = (
				en,
				Base,
			);
			mainGroup = 1AF849A32CDA46CB00869359;
			minimizedProjectReferenceProxies = 1;
			preferredProjectObjectVersion = 77;
			productRefGroup = 1AF849AD2CDA46CC00869359 /* Products */;
			projectDirPath = "";
			projectRoot = "";
			targets = (
				1AF849AB2CDA46CB00869359 /* 99GroupTask */,
				1AF849C12CDA46CD00869359 /* 99GroupTaskTests */,
				1AF849CB2CDA46CD00869359 /* 99GroupTaskUITests */,
			);
		};
/* End PBXProject section */

/* Begin PBXResourcesBuildPhase section */
		1AF849AA2CDA46CB00869359 /* Resources */ = {
			isa = PBXResourcesBuildPhase;
			buildActionMask = 2147483647;
			files = (
			);
			runOnlyForDeploymentPostprocessing = 0;
		};
		1AF849C02CDA46CD00869359 /* Resources */ = {
			isa = PBXResourcesBuildPhase;
			buildActionMask = 2147483647;
			files = (
			);
			runOnlyForDeploymentPostprocessing = 0;
		};
		1AF849CA2CDA46CD00869359 /* Resources */ = {
			isa = PBXResourcesBuildPhase;
			buildActionMask = 2147483647;
			files = (
			);
			runOnlyForDeploymentPostprocessing = 0;
		};
/* End PBXResourcesBuildPhase section */

/* Begin PBXSourcesBuildPhase section */
		1AF849A82CDA46CB00869359 /* Sources */ = {
			isa = PBXSourcesBuildPhase;
			buildActionMask = 2147483647;
			files = (
			);
			runOnlyForDeploymentPostprocessing = 0;
		};
		1AF849BE2CDA46CD00869359 /* Sources */ = {
			isa = PBXSourcesBuildPhase;
			buildActionMask = 2147483647;
			files = (
			);
			runOnlyForDeploymentPostprocessing = 0;
		};
		1AF849C82CDA46CD00869359 /* Sources */ = {
			isa = PBXSourcesBuildPhase;
			buildActionMask = 2147483647;
			files = (
			);
			runOnlyForDeploymentPostprocessing = 0;
		};
/* End PBXSourcesBuildPhase section */

/* Begin PBXTargetDependency section */
		1AF849C42CDA46CD00869359 /* PBXTargetDependency */ = {
			isa = PBXTargetDependency;
			target = 1AF849AB2CDA46CB00869359 /* 99GroupTask */;
			targetProxy = 1AF849C32CDA46CD00869359 /* PBXContainerItemProxy */;
		};
		1AF849CE2CDA46CD00869359 /* PBXTargetDependency */ = {
			isa = PBXTargetDependency;
			target = 1AF849AB2CDA46CB00869359 /* 99GroupTask */;
			targetProxy = 1AF849CD2CDA46CD00869359 /* PBXContainerItemProxy */;
		};
/* End PBXTargetDependency section */

/* Begin XCBuildConfiguration section */
		1AF849D62CDA46CD00869359 /* Debug */ = {
			isa = XCBuildConfiguration;
			buildSettings = {
				ASSETCATALOG_COMPILER_APPICON_NAME = AppIcon;
				ASSETCATALOG_COMPILER_GLOBAL_ACCENT_COLOR_NAME = AccentColor;
				CODE_SIGN_STYLE = Automatic;
				CURRENT_PROJECT_VERSION = 1;
				DEVELOPMENT_TEAM = 8FMN8TQZ7G;
				GENERATE_INFOPLIST_FILE = YES;
				INFOPLIST_FILE = 99GroupTask/Info.plist;
				INFOPLIST_KEY_UIApplicationSupportsIndirectInputEvents = YES;
				INFOPLIST_KEY_UILaunchStoryboardName = LaunchScreen;
				INFOPLIST_KEY_UIMainStoryboardFile = StoryboardView;
				INFOPLIST_KEY_UISupportedInterfaceOrientations_iPad = "UIInterfaceOrientationPortrait UIInterfaceOrientationPortraitUpsideDown UIInterfaceOrientationLandscapeLeft UIInterfaceOrientationLandscapeRight";
				INFOPLIST_KEY_UISupportedInterfaceOrientations_iPhone = "UIInterfaceOrientationPortrait UIInterfaceOrientationLandscapeLeft UIInterfaceOrientationLandscapeRight";
				LD_RUNPATH_SEARCH_PATHS = (
					"$(inherited)",
					"@executable_path/Frameworks",
				);
				MARKETING_VERSION = 1.0;
				PRODUCT_BUNDLE_IDENTIFIER = "com.-9GroupTask";
				PRODUCT_NAME = "$(TARGET_NAME)";
				SWIFT_EMIT_LOC_STRINGS = YES;
				SWIFT_VERSION = 5.0;
				TARGETED_DEVICE_FAMILY = "1,2";
			};
			name = Debug;
		};
		1AF849D72CDA46CD00869359 /* Release */ = {
			isa = XCBuildConfiguration;
			buildSettings = {
				ASSETCATALOG_COMPILER_APPICON_NAME = AppIcon;
				ASSETCATALOG_COMPILER_GLOBAL_ACCENT_COLOR_NAME = AccentColor;
				CODE_SIGN_STYLE = Automatic;
				CURRENT_PROJECT_VERSION = 1;
				DEVELOPMENT_TEAM = 8FMN8TQZ7G;
				GENERATE_INFOPLIST_FILE = YES;
				INFOPLIST_FILE = 99GroupTask/Info.plist;
				INFOPLIST_KEY_UIApplicationSupportsIndirectInputEvents = YES;
				INFOPLIST_KEY_UILaunchStoryboardName = LaunchScreen;
				INFOPLIST_KEY_UIMainStoryboardFile = StoryboardView;
				INFOPLIST_KEY_UISupportedInterfaceOrientations_iPad = "UIInterfaceOrientationPortrait UIInterfaceOrientationPortraitUpsideDown UIInterfaceOrientationLandscapeLeft UIInterfaceOrientationLandscapeRight";
				INFOPLIST_KEY_UISupportedInterfaceOrientations_iPhone = "UIInterfaceOrientationPortrait UIInterfaceOrientationLandscapeLeft UIInterfaceOrientationLandscapeRight";
				LD_RUNPATH_SEARCH_PATHS = (
					"$(inherited)",
					"@executable_path/Frameworks",
				);
				MARKETING_VERSION = 1.0;
				PRODUCT_BUNDLE_IDENTIFIER = "com.-9GroupTask";
				PRODUCT_NAME = "$(TARGET_NAME)";
				SWIFT_EMIT_LOC_STRINGS = YES;
				SWIFT_VERSION = 5.0;
				TARGETED_DEVICE_FAMILY = "1,2";
			};
			name = Release;
		};
		1AF849D82CDA46CD00869359 /* Debug */ = {
			isa = XCBuildConfiguration;
			buildSettings = {
				ALWAYS_SEARCH_USER_PATHS = NO;
				ASSETCATALOG_COMPILER_GENERATE_SWIFT_ASSET_SYMBOL_EXTENSIONS = YES;
				CLANG_ANALYZER_NONNULL = YES;
				CLANG_ANALYZER_NUMBER_OBJECT_CONVERSION = YES_AGGRESSIVE;
				CLANG_CXX_LANGUAGE_STANDARD = "gnu++20";
				CLANG_ENABLE_MODULES = YES;
				CLANG_ENABLE_OBJC_ARC = YES;
				CLANG_ENABLE_OBJC_WEAK = YES;
				CLANG_WARN_BLOCK_CAPTURE_AUTORELEASING = YES;
				CLANG_WARN_BOOL_CONVERSION = YES;
				CLANG_WARN_COMMA = YES;
				CLANG_WARN_CONSTANT_CONVERSION = YES;
				CLANG_WARN_DEPRECATED_OBJC_IMPLEMENTATIONS = YES;
				CLANG_WARN_DIRECT_OBJC_ISA_USAGE = YES_ERROR;
				CLANG_WARN_DOCUMENTATION_COMMENTS = YES;
				CLANG_WARN_EMPTY_BODY = YES;
				CLANG_WARN_ENUM_CONVERSION = YES;
				CLANG_WARN_INFINITE_RECURSION = YES;
				CLANG_WARN_INT_CONVERSION = YES;
				CLANG_WARN_NON_LITERAL_NULL_CONVERSION = YES;
				CLANG_WARN_OBJC_IMPLICIT_RETAIN_SELF = YES;
				CLANG_WARN_OBJC_LITERAL_CONVERSION = YES;
				CLANG_WARN_OBJC_ROOT_CLASS = YES_ERROR;
				CLANG_WARN_QUOTED_INCLUDE_IN_FRAMEWORK_HEADER = YES;
				CLANG_WARN_RANGE_LOOP_ANALYSIS = YES;
				CLANG_WARN_STRICT_PROTOTYPES = YES;
				CLANG_WARN_SUSPICIOUS_MOVE = YES;
				CLANG_WARN_UNGUARDED_AVAILABILITY = YES_AGGRESSIVE;
				CLANG_WARN_UNREACHABLE_CODE = YES;
				CLANG_WARN__DUPLICATE_METHOD_MATCH = YES;
				COPY_PHASE_STRIP = NO;
				DEBUG_INFORMATION_FORMAT = dwarf;
				ENABLE_STRICT_OBJC_MSGSEND = YES;
				ENABLE_TESTABILITY = YES;
				ENABLE_USER_SCRIPT_SANDBOXING = YES;
				GCC_C_LANGUAGE_STANDARD = gnu17;
				GCC_DYNAMIC_NO_PIC = NO;
				GCC_NO_COMMON_BLOCKS = YES;
				GCC_OPTIMIZATION_LEVEL = 0;
				GCC_PREPROCESSOR_DEFINITIONS = (
					"DEBUG=1",
					"$(inherited)",
				);
				GCC_WARN_64_TO_32_BIT_CONVERSION = YES;
				GCC_WARN_ABOUT_RETURN_TYPE = YES_ERROR;
				GCC_WARN_UNDECLARED_SELECTOR = YES;
				GCC_WARN_UNINITIALIZED_AUTOS = YES_AGGRESSIVE;
				GCC_WARN_UNUSED_FUNCTION = YES;
				GCC_WARN_UNUSED_VARIABLE = YES;
				IPHONEOS_DEPLOYMENT_TARGET = 18.1;
				LOCALIZATION_PREFERS_STRING_CATALOGS = YES;
				MTL_ENABLE_DEBUG_INFO = INCLUDE_SOURCE;
				MTL_FAST_MATH = YES;
				ONLY_ACTIVE_ARCH = YES;
				SDKROOT = iphoneos;
				SWIFT_ACTIVE_COMPILATION_CONDITIONS = "DEBUG $(inherited)";
				SWIFT_OPTIMIZATION_LEVEL = "-Onone";
			};
			name = Debug;
		};
		1AF849D92CDA46CD00869359 /* Release */ = {
			isa = XCBuildConfiguration;
			buildSettings = {
				ALWAYS_SEARCH_USER_PATHS = NO;
				ASSETCATALOG_COMPILER_GENERATE_SWIFT_ASSET_SYMBOL_EXTENSIONS = YES;
				CLANG_ANALYZER_NONNULL = YES;
				CLANG_ANALYZER_NUMBER_OBJECT_CONVERSION = YES_AGGRESSIVE;
				CLANG_CXX_LANGUAGE_STANDARD = "gnu++20";
				CLANG_ENABLE_MODULES = YES;
				CLANG_ENABLE_OBJC_ARC = YES;
				CLANG_ENABLE_OBJC_WEAK = YES;
				CLANG_WARN_BLOCK_CAPTURE_AUTORELEASING = YES;
				CLANG_WARN_BOOL_CONVERSION = YES;
				CLANG_WARN_COMMA = YES;
				CLANG_WARN_CONSTANT_CONVERSION = YES;
				CLANG_WARN_DEPRECATED_OBJC_IMPLEMENTATIONS = YES;
				CLANG_WARN_DIRECT_OBJC_ISA_USAGE = YES_ERROR;
				CLANG_WARN_DOCUMENTATION_COMMENTS = YES;
				CLANG_WARN_EMPTY_BODY = YES;
				CLANG_WARN_ENUM_CONVERSION = YES;
				CLANG_WARN_INFINITE_RECURSION = YES;
				CLANG_WARN_INT_CONVERSION = YES;
				CLANG_WARN_NON_LITERAL_NULL_CONVERSION = YES;
				CLANG_WARN_OBJC_IMPLICIT_RETAIN_SELF = YES;
				CLANG_WARN_OBJC_LITERAL_CONVERSION = YES;
				CLANG_WARN_OBJC_ROOT_CLASS = YES_ERROR;
				CLANG_WARN_QUOTED_INCLUDE_IN_FRAMEWORK_HEADER = YES;
				CLANG_WARN_RANGE_LOOP_ANALYSIS = YES;
				CLANG_WARN_STRICT_PROTOTYPES = YES;
				CLANG_WARN_SUSPICIOUS_MOVE = YES;
				CLANG_WARN_UNGUARDED_AVAILABILITY = YES_AGGRESSIVE;
				CLANG_WARN_UNREACHABLE_CODE = YES;
				CLANG_WARN__DUPLICATE_METHOD_MATCH = YES;
				COPY_PHASE_STRIP = NO;
				DEBUG_INFORMATION_FORMAT = "dwarf-with-dsym";
				ENABLE_NS_ASSERTIONS = NO;
				ENABLE_STRICT_OBJC_MSGSEND = YES;
				ENABLE_USER_SCRIPT_SANDBOXING = YES;
				GCC_C_LANGUAGE_STANDARD = gnu17;
				GCC_NO_COMMON_BLOCKS = YES;
				GCC_WARN_64_TO_32_BIT_CONVERSION = YES;
				GCC_WARN_ABOUT_RETURN_TYPE = YES_ERROR;
				GCC_WARN_UNDECLARED_SELECTOR = YES;
				GCC_WARN_UNINITIALIZED_AUTOS = YES_AGGRESSIVE;
				GCC_WARN_UNUSED_FUNCTION = YES;
				GCC_WARN_UNUSED_VARIABLE = YES;
				IPHONEOS_DEPLOYMENT_TARGET = 18.1;
				LOCALIZATION_PREFERS_STRING_CATALOGS = YES;
				MTL_ENABLE_DEBUG_INFO = NO;
				MTL_FAST_MATH = YES;
				SDKROOT = iphoneos;
				SWIFT_COMPILATION_MODE = wholemodule;
				VALIDATE_PRODUCT = YES;
			};
			name = Release;
		};
		1AF849DB2CDA46CD00869359 /* Debug */ = {
			isa = XCBuildConfiguration;
			buildSettings = {
				BUNDLE_LOADER = "$(TEST_HOST)";
				CODE_SIGN_STYLE = Automatic;
				CURRENT_PROJECT_VERSION = 1;
				GENERATE_INFOPLIST_FILE = YES;
				IPHONEOS_DEPLOYMENT_TARGET = 18.1;
				MARKETING_VERSION = 1.0;
				PRODUCT_BUNDLE_IDENTIFIER = "com.-9GroupTaskTests";
				PRODUCT_NAME = "$(TARGET_NAME)";
				SWIFT_EMIT_LOC_STRINGS = NO;
				SWIFT_VERSION = 5.0;
				TARGETED_DEVICE_FAMILY = "1,2";
				TEST_HOST = "$(BUILT_PRODUCTS_DIR)/99GroupTask.app/$(BUNDLE_EXECUTABLE_FOLDER_PATH)/99GroupTask";
			};
			name = Debug;
		};
		1AF849DC2CDA46CD00869359 /* Release */ = {
			isa = XCBuildConfiguration;
			buildSettings = {
				BUNDLE_LOADER = "$(TEST_HOST)";
				CODE_SIGN_STYLE = Automatic;
				CURRENT_PROJECT_VERSION = 1;
				GENERATE_INFOPLIST_FILE = YES;
				IPHONEOS_DEPLOYMENT_TARGET = 18.1;
				MARKETING_VERSION = 1.0;
				PRODUCT_BUNDLE_IDENTIFIER = "com.-9GroupTaskTests";
				PRODUCT_NAME = "$(TARGET_NAME)";
				SWIFT_EMIT_LOC_STRINGS = NO;
				SWIFT_VERSION = 5.0;
				TARGETED_DEVICE_FAMILY = "1,2";
				TEST_HOST = "$(BUILT_PRODUCTS_DIR)/99GroupTask.app/$(BUNDLE_EXECUTABLE_FOLDER_PATH)/99GroupTask";
			};
			name = Release;
		};
		1AF849DE2CDA46CD00869359 /* Debug */ = {
			isa = XCBuildConfiguration;
			buildSettings = {
				CODE_SIGN_STYLE = Automatic;
				CURRENT_PROJECT_VERSION = 1;
				GENERATE_INFOPLIST_FILE = YES;
				MARKETING_VERSION = 1.0;
				PRODUCT_BUNDLE_IDENTIFIER = "com.-9GroupTaskUITests";
				PRODUCT_NAME = "$(TARGET_NAME)";
				SWIFT_EMIT_LOC_STRINGS = NO;
				SWIFT_VERSION = 5.0;
				TARGETED_DEVICE_FAMILY = "1,2";
				TEST_TARGET_NAME = 99GroupTask;
			};
			name = Debug;
		};
		1AF849DF2CDA46CD00869359 /* Release */ = {
			isa = XCBuildConfiguration;
			buildSettings = {
				CODE_SIGN_STYLE = Automatic;
				CURRENT_PROJECT_VERSION = 1;
				GENERATE_INFOPLIST_FILE = YES;
				MARKETING_VERSION = 1.0;
				PRODUCT_BUNDLE_IDENTIFIER = "com.-9GroupTaskUITests";
				PRODUCT_NAME = "$(TARGET_NAME)";
				SWIFT_EMIT_LOC_STRINGS = NO;
				SWIFT_VERSION = 5.0;
				TARGETED_DEVICE_FAMILY = "1,2";
				TEST_TARGET_NAME = 99GroupTask;
			};
			name = Release;
		};
/* End XCBuildConfiguration section */

/* Begin XCConfigurationList section */
		1AF849A72CDA46CB00869359 /* Build configuration list for PBXProject "99GroupTask" */ = {
			isa = XCConfigurationList;
			buildConfigurations = (
				1AF849D82CDA46CD00869359 /* Debug */,
				1AF849D92CDA46CD00869359 /* Release */,
			);
			defaultConfigurationIsVisible = 0;
			defaultConfigurationName = Release;
		};
		1AF849D52CDA46CD00869359 /* Build configuration list for PBXNativeTarget "99GroupTask" */ = {
			isa = XCConfigurationList;
			buildConfigurations = (
				1AF849D62CDA46CD00869359 /* Debug */,
				1AF849D72CDA46CD00869359 /* Release */,
			);
			defaultConfigurationIsVisible = 0;
			defaultConfigurationName = Release;
		};
		1AF849DA2CDA46CD00869359 /* Build configuration list for PBXNativeTarget "99GroupTaskTests" */ = {
			isa = XCConfigurationList;
			buildConfigurations = (
				1AF849DB2CDA46CD00869359 /* Debug */,
				1AF849DC2CDA46CD00869359 /* Release */,
			);
			defaultConfigurationIsVisible = 0;
			defaultConfigurationName = Release;
		};
		1AF849DD2CDA46CD00869359 /* Build configuration list for PBXNativeTarget "99GroupTaskUITests" */ = {
			isa = XCConfigurationList;
			buildConfigurations = (
				1AF849DE2CDA46CD00869359 /* Debug */,
				1AF849DF2CDA46CD00869359 /* Release */,
			);
			defaultConfigurationIsVisible = 0;
			defaultConfigurationName = Release;
		};
/* End XCConfigurationList section */
	};
	rootObject = 1AF849A42CDA46CB00869359 /* Project object */;
}
